schema: '2.0'
stages:
  data_ingestion:
    cmd: python src/data_ingestion.py
    deps:
    - path: src/data_ingestion.py
      hash: md5
      md5: eb53ce830f01559227cbf46fd862146c
      size: 4874
    - path: src/utils.py
      hash: md5
      md5: 00e779a3cbd3181528816d9f15fd2cf6
      size: 4601
    params:
      params.yaml:
        data_ingestion.test_size: 0.2
    outs:
    - path: data/raw
      hash: md5
      md5: 785ceed47dd689c1bb09ee4514133021.dir
      size: 3092064
      nfiles: 2
  data_preprocessing:
    cmd: python src/data_preprocessing.py
    deps:
    - path: data/raw
      hash: md5
      md5: 785ceed47dd689c1bb09ee4514133021.dir
      size: 3092064
      nfiles: 2
    - path: src/data_preprocessing.py
      hash: md5
      md5: a5db9c3474025447334830598bc1c948
      size: 4166
    - path: src/utils.py
      hash: md5
      md5: 00e779a3cbd3181528816d9f15fd2cf6
      size: 4601
    outs:
    - path: data/interim
      hash: md5
      md5: 46e6db10c0d2e458b635d85ceba7f94b.dir
      size: 2126783
      nfiles: 2
  feature_engineering:
    cmd: python src/feature_engineering.py
    deps:
    - path: data/interim
      hash: md5
      md5: 46e6db10c0d2e458b635d85ceba7f94b.dir
      size: 2126783
      nfiles: 2
    - path: src/feature_engineering.py
      hash: md5
      md5: abee83e7f18ae02d66f59a4749279dd0
      size: 3481
    - path: src/utils.py
      hash: md5
      md5: 00e779a3cbd3181528816d9f15fd2cf6
      size: 4601
    params:
      params.yaml:
        feature_engineering.max_features: 150
    outs:
    - path: data/processed
      hash: md5
      md5: 12a08b64d212291b98fcc3c5cbad8317.dir
      size: 25645210
      nfiles: 2
  model_building:
    cmd: python src/model_building.py
    deps:
    - path: data/processed
      hash: md5
      md5: 12a08b64d212291b98fcc3c5cbad8317.dir
      size: 25645210
      nfiles: 2
    - path: src/model_building.py
      hash: md5
      md5: 7bdd16f70324a3acb9061c2f6950f663
      size: 3529
    - path: src/utils.py
      hash: md5
      md5: 00e779a3cbd3181528816d9f15fd2cf6
      size: 4601
    params:
      params.yaml:
        model_building.learning_rate: 0.1
        model_building.n_estimators: 100
    outs:
    - path: models/model.joblib
      hash: md5
      md5: 67d78113b8271620de77c25a0c8bea2b
      size: 3700924
  model_evaluation:
    cmd: python src/model_evaluation.py
    deps:
    - path: models/model.joblib
      hash: md5
      md5: 67d78113b8271620de77c25a0c8bea2b
      size: 3700924
    - path: src/model_evaluation.py
      hash: md5
      md5: a05642a6aab00b38d2a3aa4de9d3f0d6
      size: 4407
    - path: src/utils.py
      hash: md5
      md5: 00e779a3cbd3181528816d9f15fd2cf6
      size: 4601
    outs:
    - path: reports/metrics.json
      hash: md5
      md5: 35f9efa16c643cf5604a85375e6d5fb0
      size: 121
