schema: '2.0'
stages:
  data_ingestion:
    cmd: python src/data_ingestion.py
    deps:
    - path: src/data_ingestion.py
      hash: md5
      md5: eb53ce830f01559227cbf46fd862146c
      size: 4874
    - path: src/utils.py
      hash: md5
      md5: 00e779a3cbd3181528816d9f15fd2cf6
      size: 4601
    params:
      params.yaml:
        data_ingestion.test_size: 0.2
    outs:
    - path: data/raw
      hash: md5
      md5: 785ceed47dd689c1bb09ee4514133021.dir
      size: 3092064
      nfiles: 2
  data_preprocessing:
    cmd: python src/data_preprocessing.py
    deps:
    - path: data/raw
      hash: md5
      md5: 785ceed47dd689c1bb09ee4514133021.dir
      size: 3092064
      nfiles: 2
    - path: src/data_preprocessing.py
      hash: md5
      md5: a5db9c3474025447334830598bc1c948
      size: 4166
    - path: src/utils.py
      hash: md5
      md5: 00e779a3cbd3181528816d9f15fd2cf6
      size: 4601
    outs:
    - path: data/interim
      hash: md5
      md5: 46e6db10c0d2e458b635d85ceba7f94b.dir
      size: 2126783
      nfiles: 2
  feature_engineering:
    cmd: python src/feature_engineering.py
    deps:
    - path: data/interim
      hash: md5
      md5: 46e6db10c0d2e458b635d85ceba7f94b.dir
      size: 2126783
      nfiles: 2
    - path: src/feature_engineering.py
      hash: md5
      md5: abee83e7f18ae02d66f59a4749279dd0
      size: 3481
    - path: src/utils.py
      hash: md5
      md5: 00e779a3cbd3181528816d9f15fd2cf6
      size: 4601
    params:
      params.yaml:
        feature_engineering.max_features: 200
    outs:
    - path: data/processed
      hash: md5
      md5: bd5e207804db42167ea91bd86e7bf27a.dir
      size: 33877802
      nfiles: 2
  model_building:
    cmd: python src/model_building.py
    deps:
    - path: data/processed
      hash: md5
      md5: bd5e207804db42167ea91bd86e7bf27a.dir
      size: 33877802
      nfiles: 2
    - path: src/model_building.py
      hash: md5
      md5: 618ca277dcfd274a710d0239d16adacd
      size: 2486
    - path: src/utils.py
      hash: md5
      md5: 00e779a3cbd3181528816d9f15fd2cf6
      size: 4601
    params:
      params.yaml:
        model_building.learning_rate: 0.1
        model_building.n_estimators: 400
    outs:
    - path: models/model.joblib
      hash: md5
      md5: 9b6a6e6d3786a4696a32107ef694ff69
      size: 8314553
  model_evaluation:
    cmd: python src/model_evaluation.py
    deps:
    - path: models/model.joblib
      hash: md5
      md5: 9b6a6e6d3786a4696a32107ef694ff69
      size: 8314553
    - path: src/model_evaluation.py
      hash: md5
      md5: a05642a6aab00b38d2a3aa4de9d3f0d6
      size: 4407
    - path: src/utils.py
      hash: md5
      md5: 00e779a3cbd3181528816d9f15fd2cf6
      size: 4601
    outs:
    - path: reports/metrics.json
      hash: md5
      md5: b07b4c946dbef40a97d4a628df2ec440
      size: 117
