schema: '2.0'
stages:
  data_ingestion:
    cmd: python src/data_ingestion.py
    deps:
    - path: src/data_ingestion.py
      hash: md5
      md5: eb53ce830f01559227cbf46fd862146c
      size: 4874
    - path: src/utils.py
      hash: md5
      md5: 00e779a3cbd3181528816d9f15fd2cf6
      size: 4601
    params:
      params.yaml:
        data_ingestion.test_size: 0.2
    outs:
    - path: data/raw
      hash: md5
      md5: 785ceed47dd689c1bb09ee4514133021.dir
      size: 3092064
      nfiles: 2
  data_preprocessing:
    cmd: python src/data_preprocessing.py
    deps:
    - path: data/raw
      hash: md5
      md5: 785ceed47dd689c1bb09ee4514133021.dir
      size: 3092064
      nfiles: 2
    - path: src/data_preprocessing.py
      hash: md5
      md5: a5db9c3474025447334830598bc1c948
      size: 4166
    - path: src/utils.py
      hash: md5
      md5: 00e779a3cbd3181528816d9f15fd2cf6
      size: 4601
    outs:
    - path: data/interim
      hash: md5
      md5: 46e6db10c0d2e458b635d85ceba7f94b.dir
      size: 2126783
      nfiles: 2
  feature_engineering:
    cmd: python src/feature_engineering.py
    deps:
    - path: data/interim
      hash: md5
      md5: 46e6db10c0d2e458b635d85ceba7f94b.dir
      size: 2126783
      nfiles: 2
    - path: src/feature_engineering.py
      hash: md5
      md5: 4999471438cc44e1f5d13e830117771a
      size: 2789
    - path: src/utils.py
      hash: md5
      md5: 00e779a3cbd3181528816d9f15fd2cf6
      size: 4601
    params:
      params.yaml:
        feature_engineering.max_features: 200
    outs:
    - path: data/processed
      hash: md5
      md5: 8ac0b24b91aa386dbc82fa5d08e86ace.dir
      size: 16097203
      nfiles: 2
  model_building:
    cmd: python src/model_building.py
    deps:
    - path: data/processed
      hash: md5
      md5: 8ac0b24b91aa386dbc82fa5d08e86ace.dir
      size: 16097203
      nfiles: 2
    - path: src/model_building.py
      hash: md5
      md5: 830f8686062976a8740bc027e0a81c6f
      size: 2484
    - path: src/utils.py
      hash: md5
      md5: 00e779a3cbd3181528816d9f15fd2cf6
      size: 4601
    params:
      params.yaml:
        model_building.learning_rate: 0.1
        model_building.n_estimators: 400
    outs:
    - path: models/model.joblib
      hash: md5
      md5: 044b3804377bc9e5b49f666ae559c277
      size: 8745833
  model_evaluation:
    cmd: python src/model_evaluation.py
    deps:
    - path: models/model.joblib
      hash: md5
      md5: 044b3804377bc9e5b49f666ae559c277
      size: 8745833
    - path: src/model_evaluation.py
      hash: md5
      md5: bfb46b7ce98736f5b8df03a95a18da6c
      size: 4405
    - path: src/utils.py
      hash: md5
      md5: 00e779a3cbd3181528816d9f15fd2cf6
      size: 4601
    outs:
    - path: reports/metrics.json
      hash: md5
      md5: 99931c9782ce2b4470778821bb271aa0
      size: 121
